// !$*UTF8*$!
{
	archiveVersion = 1;
	classes = {
	};
	objectVersion = 56;
	objects = {

/* Begin PBXBuildFile section */
		F32877222BC8F8B0006EF703 /* AppDelegate.swift in Sources */ = {isa = PBXBuildFile; fileRef = F32877212BC8F8B0006EF703 /* AppDelegate.swift */; };
		F32877242BC8F8B0006EF703 /* SceneDelegate.swift in Sources */ = {isa = PBXBuildFile; fileRef = F32877232BC8F8B0006EF703 /* SceneDelegate.swift */; };
		F32877262BC8F8B0006EF703 /* ViewController.swift in Sources */ = {isa = PBXBuildFile; fileRef = F32877252BC8F8B0006EF703 /* ViewController.swift */; };
		F32877292BC8F8B0006EF703 /* Main.storyboard in Resources */ = {isa = PBXBuildFile; fileRef = F32877272BC8F8B0006EF703 /* Main.storyboard */; };
		F328772B2BC8F8B1006EF703 /* Assets.xcassets in Resources */ = {isa = PBXBuildFile; fileRef = F328772A2BC8F8B1006EF703 /* Assets.xcassets */; };
		F328772E2BC8F8B1006EF703 /* LaunchScreen.storyboard in Resources */ = {isa = PBXBuildFile; fileRef = F328772C2BC8F8B1006EF703 /* LaunchScreen.storyboard */; };
		F32877362BC901AD006EF703 /* RemoteProduct.swift in Sources */ = {isa = PBXBuildFile; fileRef = F32877352BC901AD006EF703 /* RemoteProduct.swift */; };
		F32877382BC90376006EF703 /* WishListViewController.swift in Sources */ = {isa = PBXBuildFile; fileRef = F32877372BC90376006EF703 /* WishListViewController.swift */; };
		F32877422BC908B9006EF703 /* WishListTableViewCell.swift in Sources */ = {isa = PBXBuildFile; fileRef = F32877402BC908B9006EF703 /* WishListTableViewCell.swift */; };
		F32877432BC908B9006EF703 /* WishListTableViewCell.xib in Resources */ = {isa = PBXBuildFile; fileRef = F32877412BC908B9006EF703 /* WishListTableViewCell.xib */; };
		F32877452BC93662006EF703 /* NetworkingManager.swift in Sources */ = {isa = PBXBuildFile; fileRef = F32877442BC93662006EF703 /* NetworkingManager.swift */; };
		F32877482BCD13B5006EF703 /* ImageView+.swift in Sources */ = {isa = PBXBuildFile; fileRef = F32877472BCD13B5006EF703 /* ImageView+.swift */; };
/* End PBXBuildFile section */

/* Begin PBXFileReference section */
		F328771E2BC8F8B0006EF703 /* WishList.app */ = {isa = PBXFileReference; explicitFileType = wrapper.application; includeInIndex = 0; path = WishList.app; sourceTree = BUILT_PRODUCTS_DIR; };
		F32877212BC8F8B0006EF703 /* AppDelegate.swift */ = {isa = PBXFileReference; lastKnownFileType = sourcecode.swift; path = AppDelegate.swift; sourceTree = "<group>"; };
		F32877232BC8F8B0006EF703 /* SceneDelegate.swift */ = {isa = PBXFileReference; lastKnownFileType = sourcecode.swift; path = SceneDelegate.swift; sourceTree = "<group>"; };
		F32877252BC8F8B0006EF703 /* ViewController.swift */ = {isa = PBXFileReference; lastKnownFileType = sourcecode.swift; path = ViewController.swift; sourceTree = "<group>"; };
		F32877282BC8F8B0006EF703 /* Base */ = {isa = PBXFileReference; lastKnownFileType = file.storyboard; name = Base; path = Base.lproj/Main.storyboard; sourceTree = "<group>"; };
		F328772A2BC8F8B1006EF703 /* Assets.xcassets */ = {isa = PBXFileReference; lastKnownFileType = folder.assetcatalog; path = Assets.xcassets; sourceTree = "<group>"; };
		F328772D2BC8F8B1006EF703 /* Base */ = {isa = PBXFileReference; lastKnownFileType = file.storyboard; name = Base; path = Base.lproj/LaunchScreen.storyboard; sourceTree = "<group>"; };
		F328772F2BC8F8B1006EF703 /* Info.plist */ = {isa = PBXFileReference; lastKnownFileType = text.plist.xml; path = Info.plist; sourceTree = "<group>"; };
		F32877352BC901AD006EF703 /* RemoteProduct.swift */ = {isa = PBXFileReference; lastKnownFileType = sourcecode.swift; path = RemoteProduct.swift; sourceTree = "<group>"; };
		F32877372BC90376006EF703 /* WishListViewController.swift */ = {isa = PBXFileReference; lastKnownFileType = sourcecode.swift; path = WishListViewController.swift; sourceTree = "<group>"; };
		F32877402BC908B9006EF703 /* WishListTableViewCell.swift */ = {isa = PBXFileReference; lastKnownFileType = sourcecode.swift; path = WishListTableViewCell.swift; sourceTree = "<group>"; };
		F32877412BC908B9006EF703 /* WishListTableViewCell.xib */ = {isa = PBXFileReference; lastKnownFileType = file.xib; path = WishListTableViewCell.xib; sourceTree = "<group>"; };
		F32877442BC93662006EF703 /* NetworkingManager.swift */ = {isa = PBXFileReference; lastKnownFileType = sourcecode.swift; path = NetworkingManager.swift; sourceTree = "<group>"; };
		F32877472BCD13B5006EF703 /* ImageView+.swift */ = {isa = PBXFileReference; lastKnownFileType = sourcecode.swift; path = "ImageView+.swift"; sourceTree = "<group>"; };
/* End PBXFileReference section */

/* Begin PBXFrameworksBuildPhase section */
		F328771B2BC8F8B0006EF703 /* Frameworks */ = {
			isa = PBXFrameworksBuildPhase;
			buildActionMask = 2147483647;
			files = (
			);
			runOnlyForDeploymentPostprocessing = 0;
		};
/* End PBXFrameworksBuildPhase section */

/* Begin PBXGroup section */
		F32877152BC8F8B0006EF703 = {
			isa = PBXGroup;
			children = (
				F32877202BC8F8B0006EF703 /* WishList */,
				F328771F2BC8F8B0006EF703 /* Products */,
			);
			sourceTree = "<group>";
		};
		F328771F2BC8F8B0006EF703 /* Products */ = {
			isa = PBXGroup;
			children = (
				F328771E2BC8F8B0006EF703 /* WishList.app */,
			);
			name = Products;
			sourceTree = "<group>";
		};
		F32877202BC8F8B0006EF703 /* WishList */ = {
			isa = PBXGroup;
			children = (
				F32877212BC8F8B0006EF703 /* AppDelegate.swift */,
				F32877232BC8F8B0006EF703 /* SceneDelegate.swift */,
				F32877492BCD13C4006EF703 /* Extensions */,
				F32877392BC904E8006EF703 /* Model */,
				F328773A2BC904FB006EF703 /* Controller */,
				F32877272BC8F8B0006EF703 /* Main.storyboard */,
				F328773F2BC9085B006EF703 /* Cell */,
				F328772A2BC8F8B1006EF703 /* Assets.xcassets */,
				F328772C2BC8F8B1006EF703 /* LaunchScreen.storyboard */,
				F328772F2BC8F8B1006EF703 /* Info.plist */,
			);
			path = WishList;
			sourceTree = "<group>";
		};
		F32877392BC904E8006EF703 /* Model */ = {
			isa = PBXGroup;
			children = (
				F32877352BC901AD006EF703 /* RemoteProduct.swift */,
				F32877442BC93662006EF703 /* NetworkingManager.swift */,
			);
			path = Model;
			sourceTree = "<group>";
		};
		F328773A2BC904FB006EF703 /* Controller */ = {
			isa = PBXGroup;
			children = (
				F32877252BC8F8B0006EF703 /* ViewController.swift */,
				F32877372BC90376006EF703 /* WishListViewController.swift */,
			);
			path = Controller;
			sourceTree = "<group>";
		};
		F328773F2BC9085B006EF703 /* Cell */ = {
			isa = PBXGroup;
			children = (
				F32877402BC908B9006EF703 /* WishListTableViewCell.swift */,
				F32877412BC908B9006EF703 /* WishListTableViewCell.xib */,
			);
			path = Cell;
			sourceTree = "<group>";
		};
		F32877492BCD13C4006EF703 /* Extensions */ = {
			isa = PBXGroup;
			children = (
				F32877472BCD13B5006EF703 /* ImageView+.swift */,
			);
			path = Extensions;
			sourceTree = "<group>";
		};
/* End PBXGroup section */

/* Begin PBXNativeTarget section */
		F328771D2BC8F8B0006EF703 /* WishList */ = {
			isa = PBXNativeTarget;
			buildConfigurationList = F32877322BC8F8B1006EF703 /* Build configuration list for PBXNativeTarget "WishList" */;
			buildPhases = (
				F328771A2BC8F8B0006EF703 /* Sources */,
				F328771B2BC8F8B0006EF703 /* Frameworks */,
				F328771C2BC8F8B0006EF703 /* Resources */,
			);
			buildRules = (
			);
			dependencies = (
			);
			name = WishList;
			productName = WishList;
			productReference = F328771E2BC8F8B0006EF703 /* WishList.app */;
			productType = "com.apple.product-type.application";
		};
/* End PBXNativeTarget section */

/* Begin PBXProject section */
		F32877162BC8F8B0006EF703 /* Project object */ = {
			isa = PBXProject;
			attributes = {
				BuildIndependentTargetsInParallel = 1;
				LastSwiftUpdateCheck = 1500;
				LastUpgradeCheck = 1500;
				TargetAttributes = {
					F328771D2BC8F8B0006EF703 = {
						CreatedOnToolsVersion = 15.0;
					};
				};
			};
			buildConfigurationList = F32877192BC8F8B0006EF703 /* Build configuration list for PBXProject "WishList" */;
			compatibilityVersion = "Xcode 14.0";
			developmentRegion = en;
			hasScannedForEncodings = 0;
			knownRegions = (
				en,
				Base,
			);
			mainGroup = F32877152BC8F8B0006EF703;
			productRefGroup = F328771F2BC8F8B0006EF703 /* Products */;
			projectDirPath = "";
			projectRoot = "";
			targets = (
				F328771D2BC8F8B0006EF703 /* WishList */,
			);
		};
/* End PBXProject section */

/* Begin PBXResourcesBuildPhase section */
		F328771C2BC8F8B0006EF703 /* Resources */ = {
			isa = PBXResourcesBuildPhase;
			buildActionMask = 2147483647;
			files = (
				F32877432BC908B9006EF703 /* WishListTableViewCell.xib in Resources */,
				F328772E2BC8F8B1006EF703 /* LaunchScreen.storyboard in Resources */,
				F328772B2BC8F8B1006EF703 /* Assets.xcassets in Resources */,
				F32877292BC8F8B0006EF703 /* Main.storyboard in Resources */,
			);
			runOnlyForDeploymentPostprocessing = 0;
		};
/* End PBXResourcesBuildPhase section */

/* Begin PBXSourcesBuildPhase section */
		F328771A2BC8F8B0006EF703 /* Sources */ = {
			isa = PBXSourcesBuildPhase;
			buildActionMask = 2147483647;
			files = (
				F32877262BC8F8B0006EF703 /* ViewController.swift in Sources */,
				F32877382BC90376006EF703 /* WishListViewController.swift in Sources */,
				F32877422BC908B9006EF703 /* WishListTableViewCell.swift in Sources */,
				F32877222BC8F8B0006EF703 /* AppDelegate.swift in Sources */,
				F32877482BCD13B5006EF703 /* ImageView+.swift in Sources */,
				F32877242BC8F8B0006EF703 /* SceneDelegate.swift in Sources */,
				F32877362BC901AD006EF703 /* RemoteProduct.swift in Sources */,
				F32877452BC93662006EF703 /* NetworkingManager.swift in Sources */,
			);
			runOnlyForDeploymentPostprocessing = 0;
		};
/* End PBXSourcesBuildPhase section */

/* Begin PBXVariantGroup section */
		F32877272BC8F8B0006EF703 /* Main.storyboard */ = {
			isa = PBXVariantGroup;
			children = (
				F32877282BC8F8B0006EF703 /* Base */,
			);
			name = Main.storyboard;
			sourceTree = "<group>";
		};
		F328772C2BC8F8B1006EF703 /* LaunchScreen.storyboard */ = {
			isa = PBXVariantGroup;
			children = (
				F328772D2BC8F8B1006EF703 /* Base */,
			);
			name = LaunchScreen.storyboard;
			sourceTree = "<group>";
		};
/* End PBXVariantGroup section */

/* Begin XCBuildConfiguration section */
		F32877302BC8F8B1006EF703 /* Debug */ = {
			isa = XCBuildConfiguration;
			buildSettings = {
				ALWAYS_SEARCH_USER_PATHS = NO;
				ASSETCATALOG_COMPILER_GENERATE_SWIFT_ASSET_SYMBOL_EXTENSIONS = YES;
				CLANG_ANALYZER_NONNULL = YES;
				CLANG_ANALYZER_NUMBER_OBJECT_CONVERSION = YES_AGGRESSIVE;
				CLANG_CXX_LANGUAGE_STANDARD = "gnu++20";
				CLANG_ENABLE_MODULES = YES;
				CLANG_ENABLE_OBJC_ARC = YES;
				CLANG_ENABLE_OBJC_WEAK = YES;
				CLANG_WARN_BLOCK_CAPTURE_AUTORELEASING = YES;
				CLANG_WARN_BOOL_CONVERSION = YES;
				CLANG_WARN_COMMA = YES;
				CLANG_WARN_CONSTANT_CONVERSION = YES;
				CLANG_WARN_DEPRECATED_OBJC_IMPLEMENTATIONS = YES;
				CLANG_WARN_DIRECT_OBJC_ISA_USAGE = YES_ERROR;
				CLANG_WARN_DOCUMENTATION_COMMENTS = YES;
				CLANG_WARN_EMPTY_BODY = YES;
				CLANG_WARN_ENUM_CONVERSION = YES;
				CLANG_WARN_INFINITE_RECURSION = YES;
				CLANG_WARN_INT_CONVERSION = YES;
				CLANG_WARN_NON_LITERAL_NULL_CONVERSION = YES;
				CLANG_WARN_OBJC_IMPLICIT_RETAIN_SELF = YES;
				CLANG_WARN_OBJC_LITERAL_CONVERSION = YES;
				CLANG_WARN_OBJC_ROOT_CLASS = YES_ERROR;
				CLANG_WARN_QUOTED_INCLUDE_IN_FRAMEWORK_HEADER = YES;
				CLANG_WARN_RANGE_LOOP_ANALYSIS = YES;
				CLANG_WARN_STRICT_PROTOTYPES = YES;
				CLANG_WARN_SUSPICIOUS_MOVE = YES;
				CLANG_WARN_UNGUARDED_AVAILABILITY = YES_AGGRESSIVE;
				CLANG_WARN_UNREACHABLE_CODE = YES;
				CLANG_WARN__DUPLICATE_METHOD_MATCH = YES;
				COPY_PHASE_STRIP = NO;
				DEBUG_INFORMATION_FORMAT = dwarf;
				ENABLE_STRICT_OBJC_MSGSEND = YES;
				ENABLE_TESTABILITY = YES;
				ENABLE_USER_SCRIPT_SANDBOXING = YES;
				GCC_C_LANGUAGE_STANDARD = gnu17;
				GCC_DYNAMIC_NO_PIC = NO;
				GCC_NO_COMMON_BLOCKS = YES;
				GCC_OPTIMIZATION_LEVEL = 0;
				GCC_PREPROCESSOR_DEFINITIONS = (
					"DEBUG=1",
					"$(inherited)",
				);
				GCC_WARN_64_TO_32_BIT_CONVERSION = YES;
				GCC_WARN_ABOUT_RETURN_TYPE = YES_ERROR;
				GCC_WARN_UNDECLARED_SELECTOR = YES;
				GCC_WARN_UNINITIALIZED_AUTOS = YES_AGGRESSIVE;
				GCC_WARN_UNUSED_FUNCTION = YES;
				GCC_WARN_UNUSED_VARIABLE = YES;
				IPHONEOS_DEPLOYMENT_TARGET = 17.0;
				LOCALIZATION_PREFERS_STRING_CATALOGS = YES;
				MTL_ENABLE_DEBUG_INFO = INCLUDE_SOURCE;
				MTL_FAST_MATH = YES;
				ONLY_ACTIVE_ARCH = YES;
				SDKROOT = iphoneos;
				SWIFT_ACTIVE_COMPILATION_CONDITIONS = "DEBUG $(inherited)";
				SWIFT_OPTIMIZATION_LEVEL = "-Onone";
			};
			name = Debug;
		};
		F32877312BC8F8B1006EF703 /* Release */ = {
			isa = XCBuildConfiguration;
			buildSettings = {
				ALWAYS_SEARCH_USER_PATHS = NO;
				ASSETCATALOG_COMPILER_GENERATE_SWIFT_ASSET_SYMBOL_EXTENSIONS = YES;
				CLANG_ANALYZER_NONNULL = YES;
				CLANG_ANALYZER_NUMBER_OBJECT_CONVERSION = YES_AGGRESSIVE;
				CLANG_CXX_LANGUAGE_STANDARD = "gnu++20";
				CLANG_ENABLE_MODULES = YES;
				CLANG_ENABLE_OBJC_ARC = YES;
				CLANG_ENABLE_OBJC_WEAK = YES;
				CLANG_WARN_BLOCK_CAPTURE_AUTORELEASING = YES;
				CLANG_WARN_BOOL_CONVERSION = YES;
				CLANG_WARN_COMMA = YES;
				CLANG_WARN_CONSTANT_CONVERSION = YES;
				CLANG_WARN_DEPRECATED_OBJC_IMPLEMENTATIONS = YES;
				CLANG_WARN_DIRECT_OBJC_ISA_USAGE = YES_ERROR;
				CLANG_WARN_DOCUMENTATION_COMMENTS = YES;
				CLANG_WARN_EMPTY_BODY = YES;
				CLANG_WARN_ENUM_CONVERSION = YES;
				CLANG_WARN_INFINITE_RECURSION = YES;
				CLANG_WARN_INT_CONVERSION = YES;
				CLANG_WARN_NON_LITERAL_NULL_CONVERSION = YES;
				CLANG_WARN_OBJC_IMPLICIT_RETAIN_SELF = YES;
				CLANG_WARN_OBJC_LITERAL_CONVERSION = YES;
				CLANG_WARN_OBJC_ROOT_CLASS = YES_ERROR;
				CLANG_WARN_QUOTED_INCLUDE_IN_FRAMEWORK_HEADER = YES;
				CLANG_WARN_RANGE_LOOP_ANALYSIS = YES;
				CLANG_WARN_STRICT_PROTOTYPES = YES;
				CLANG_WARN_SUSPICIOUS_MOVE = YES;
				CLANG_WARN_UNGUARDED_AVAILABILITY = YES_AGGRESSIVE;
				CLANG_WARN_UNREACHABLE_CODE = YES;
				CLANG_WARN__DUPLICATE_METHOD_MATCH = YES;
				COPY_PHASE_STRIP = NO;
				DEBUG_INFORMATION_FORMAT = "dwarf-with-dsym";
				ENABLE_NS_ASSERTIONS = NO;
				ENABLE_STRICT_OBJC_MSGSEND = YES;
				ENABLE_USER_SCRIPT_SANDBOXING = YES;
				GCC_C_LANGUAGE_STANDARD = gnu17;
				GCC_NO_COMMON_BLOCKS = YES;
				GCC_WARN_64_TO_32_BIT_CONVERSION = YES;
				GCC_WARN_ABOUT_RETURN_TYPE = YES_ERROR;
				GCC_WARN_UNDECLARED_SELECTOR = YES;
				GCC_WARN_UNINITIALIZED_AUTOS = YES_AGGRESSIVE;
				GCC_WARN_UNUSED_FUNCTION = YES;
				GCC_WARN_UNUSED_VARIABLE = YES;
				IPHONEOS_DEPLOYMENT_TARGET = 17.0;
				LOCALIZATION_PREFERS_STRING_CATALOGS = YES;
				MTL_ENABLE_DEBUG_INFO = NO;
				MTL_FAST_MATH = YES;
				SDKROOT = iphoneos;
				SWIFT_COMPILATION_MODE = wholemodule;
				VALIDATE_PRODUCT = YES;
			};
			name = Release;
		};
		F32877332BC8F8B1006EF703 /* Debug */ = {
			isa = XCBuildConfiguration;
			buildSettings = {
				ASSETCATALOG_COMPILER_APPICON_NAME = AppIcon;
				ASSETCATALOG_COMPILER_GLOBAL_ACCENT_COLOR_NAME = AccentColor;
				CODE_SIGN_STYLE = Automatic;
				CURRENT_PROJECT_VERSION = 1;
				GENERATE_INFOPLIST_FILE = YES;
				INFOPLIST_FILE = WishList/Info.plist;
				INFOPLIST_KEY_UIApplicationSupportsIndirectInputEvents = YES;
				INFOPLIST_KEY_UILaunchStoryboardName = LaunchScreen;
				INFOPLIST_KEY_UIMainStoryboardFile = Main;
				INFOPLIST_KEY_UISupportedInterfaceOrientations_iPad = "UIInterfaceOrientationPortrait UIInterfaceOrientationPortraitUpsideDown UIInterfaceOrientationLandscapeLeft UIInterfaceOrientationLandscapeRight";
				INFOPLIST_KEY_UISupportedInterfaceOrientations_iPhone = "UIInterfaceOrientationPortrait UIInterfaceOrientationLandscapeLeft UIInterfaceOrientationLandscapeRight";
				LD_RUNPATH_SEARCH_PATHS = (
					"$(inherited)",
					"@executable_path/Frameworks",
				);
				MARKETING_VERSION = 1.0;
				PRODUCT_BUNDLE_IDENTIFIER = com.test.WishList;
				PRODUCT_NAME = "$(TARGET_NAME)";
				SWIFT_EMIT_LOC_STRINGS = YES;
				SWIFT_VERSION = 5.0;
				TARGETED_DEVICE_FAMILY = "1,2";
			};
			name = Debug;
		};
		F32877342BC8F8B1006EF703 /* Release */ = {
			isa = XCBuildConfiguration;
			buildSettings = {
				ASSETCATALOG_COMPILER_APPICON_NAME = AppIcon;
				ASSETCATALOG_COMPILER_GLOBAL_ACCENT_COLOR_NAME = AccentColor;
				CODE_SIGN_STYLE = Automatic;
				CURRENT_PROJECT_VERSION = 1;
				GENERATE_INFOPLIST_FILE = YES;
				INFOPLIST_FILE = WishList/Info.plist;
				INFOPLIST_KEY_UIApplicationSupportsIndirectInputEvents = YES;
				INFOPLIST_KEY_UILaunchStoryboardName = LaunchScreen;
				INFOPLIST_KEY_UIMainStoryboardFile = Main;
				INFOPLIST_KEY_UISupportedInterfaceOrientations_iPad = "UIInterfaceOrientationPortrait UIInterfaceOrientationPortraitUpsideDown UIInterfaceOrientationLandscapeLeft UIInterfaceOrientationLandscapeRight";
				INFOPLIST_KEY_UISupportedInterfaceOrientations_iPhone = "UIInterfaceOrientationPortrait UIInterfaceOrientationLandscapeLeft UIInterfaceOrientationLandscapeRight";
				LD_RUNPATH_SEARCH_PATHS = (
					"$(inherited)",
					"@executable_path/Frameworks",
				);
				MARKETING_VERSION = 1.0;
				PRODUCT_BUNDLE_IDENTIFIER = com.test.WishList;
				PRODUCT_NAME = "$(TARGET_NAME)";
				SWIFT_EMIT_LOC_STRINGS = YES;
				SWIFT_VERSION = 5.0;
				TARGETED_DEVICE_FAMILY = "1,2";
			};
			name = Release;
		};
/* End XCBuildConfiguration section */

/* Begin XCConfigurationList section */
		F32877192BC8F8B0006EF703 /* Build configuration list for PBXProject "WishList" */ = {
			isa = XCConfigurationList;
			buildConfigurations = (
				F32877302BC8F8B1006EF703 /* Debug */,
				F32877312BC8F8B1006EF703 /* Release */,
			);
			defaultConfigurationIsVisible = 0;
			defaultConfigurationName = Release;
		};
		F32877322BC8F8B1006EF703 /* Build configuration list for PBXNativeTarget "WishList" */ = {
			isa = XCConfigurationList;
			buildConfigurations = (
				F32877332BC8F8B1006EF703 /* Debug */,
				F32877342BC8F8B1006EF703 /* Release */,
			);
			defaultConfigurationIsVisible = 0;
			defaultConfigurationName = Release;
		};
/* End XCConfigurationList section */
	};
	rootObject = F32877162BC8F8B0006EF703 /* Project object */;
}
